
Microsoft Visual Studio Solution File, Format Version 12.00
Project("{FAE04EC0-301F-11D3-BF4B-00C04F79EFBC}") = "StudentApp", "StudentApp\StudentApp.csproj", "{346C4265-670F-4DE7-8B07-4612AE105531}"
EndProject
Global
	GlobalSection(SolutionConfigurationPlatforms) = preSolution
		Debug|Any CPU = Debug|Any CPU
		Release|Any CPU = Release|Any CPU
	EndGlobalSection
	GlobalSection(ProjectConfigurationPlatforms) = postSolution
		{346C4265-670F-4DE7-8B07-4612AE105531}.Debug|Any CPU.ActiveCfg = Debug|Any CPU
		{346C4265-670F-4DE7-8B07-4612AE105531}.Debug|Any CPU.Build.0 = Debug|Any CPU
		{346C4265-670F-4DE7-8B07-4612AE105531}.Release|Any CPU.ActiveCfg = Release|Any CPU
		{346C4265-670F-4DE7-8B07-4612AE105531}.Release|Any CPU.Build.0 = Release|Any CPU
	EndGlobalSection
EndGlobal
